
Microsoft Visual Studio Solution File, Format Version 12.00
# Visual Studio Version 17
VisualStudioVersion = 17.4.33213.308
MinimumVisualStudioVersion = 10.0.40219.1
Project("{FAE04EC0-301F-11D3-BF4B-00C04F79EFBC}") = "task", "task\task.csproj", "{1B1BA806-93A0-472D-862F-A24C840575E8}"
EndProject
Global
	GlobalSection(SolutionConfigurationPlatforms) = preSolution
		Debug|Any CPU = Debug|Any CPU
		Release|Any CPU = Release|Any CPU
	EndGlobalSection
	GlobalSection(ProjectConfigurationPlatforms) = postSolution
		{1B1BA806-93A0-472D-862F-A24C840575E8}.Debug|Any CPU.ActiveCfg = Debug|Any CPU
		{1B1BA806-93A0-472D-862F-A24C840575E8}.Debug|Any CPU.Build.0 = Debug|Any CPU
		{1B1BA806-93A0-472D-862F-A24C840575E8}.Release|Any CPU.ActiveCfg = Release|Any CPU
		{1B1BA806-93A0-472D-862F-A24C840575E8}.Release|Any CPU.Build.0 = Release|Any CPU
	EndGlobalSection
	GlobalSection(SolutionProperties) = preSolution
		HideSolutionNode = FALSE
	EndGlobalSection
	GlobalSection(ExtensibilityGlobals) = postSolution
		SolutionGuid = {F99A8697-8FE8-47B4-9BAF-A25FAC7D08A1}
	EndGlobalSection
EndGlobal
